// !$*UTF8*$!
{
	archiveVersion = 1;
	classes = {
	};
	objectVersion = 46;
	objects = {

/* Begin PBXBuildFile section */
		469BA35F1BAF941900964651 /* AppDelegate.swift in Sources */ = {isa = PBXBuildFile; fileRef = 469BA35E1BAF941900964651 /* AppDelegate.swift */; };
		469BA3611BAF941900964651 /* ViewController.swift in Sources */ = {isa = PBXBuildFile; fileRef = 469BA3601BAF941900964651 /* ViewController.swift */; };
		469BA3631BAF941900964651 /* Assets.xcassets in Resources */ = {isa = PBXBuildFile; fileRef = 469BA3621BAF941900964651 /* Assets.xcassets */; };
		469BA3661BAF941900964651 /* Main.storyboard in Resources */ = {isa = PBXBuildFile; fileRef = 469BA3641BAF941900964651 /* Main.storyboard */; };
		469BA3701BAF96C900964651 /* Message.swift in Sources */ = {isa = PBXBuildFile; fileRef = 469BA36F1BAF96C900964651 /* Message.swift */; };
		469BA3781BAF9B6900964651 /* NotificationCenter.framework in Frameworks */ = {isa = PBXBuildFile; fileRef = 469BA3771BAF9B6900964651 /* NotificationCenter.framework */; };
		469BA37D1BAF9B6900964651 /* TodayViewController.swift in Sources */ = {isa = PBXBuildFile; fileRef = 469BA37C1BAF9B6900964651 /* TodayViewController.swift */; };
		469BA3801BAF9B6900964651 /* TodayViewController.xib in Resources */ = {isa = PBXBuildFile; fileRef = 469BA37E1BAF9B6900964651 /* TodayViewController.xib */; };
		469BA3841BAF9B6900964651 /* InfoPlist.strings in Resources */ = {isa = PBXBuildFile; fileRef = 469BA3821BAF9B6900964651 /* InfoPlist.strings */; };
		469BA3871BAF9B6900964651 /* txt widget.appex in Embed App Extensions */ = {isa = PBXBuildFile; fileRef = 469BA3751BAF9B6900964651 /* txt widget.appex */; settings = {ATTRIBUTES = (RemoveHeadersOnCopy, ); }; };
		469BA38D1BAFA5FD00964651 /* RoundedImageView.swift in Sources */ = {isa = PBXBuildFile; fileRef = 469BA38C1BAFA5FD00964651 /* RoundedImageView.swift */; };
		469BA38F1BAFA98A00964651 /* AddressBook.swift in Sources */ = {isa = PBXBuildFile; fileRef = 469BA38E1BAFA98A00964651 /* AddressBook.swift */; };
		46EE372D1C8E1D7C009A29CD /* RxCocoa.framework in Frameworks */ = {isa = PBXBuildFile; fileRef = 46EE372B1C8E1D7C009A29CD /* RxCocoa.framework */; };
		46EE372E1C8E1D7C009A29CD /* RxSwift.framework in Frameworks */ = {isa = PBXBuildFile; fileRef = 46EE372C1C8E1D7C009A29CD /* RxSwift.framework */; };
/* End PBXBuildFile section */

/* Begin PBXContainerItemProxy section */
		469BA3851BAF9B6900964651 /* PBXContainerItemProxy */ = {
			isa = PBXContainerItemProxy;
			containerPortal = 469BA3531BAF941900964651 /* Project object */;
			proxyType = 1;
			remoteGlobalIDString = 469BA3741BAF9B6900964651;
			remoteInfo = "txt widget";
		};
/* End PBXContainerItemProxy section */

/* Begin PBXCopyFilesBuildPhase section */
		469BA38B1BAF9B6900964651 /* Embed App Extensions */ = {
			isa = PBXCopyFilesBuildPhase;
			buildActionMask = 2147483647;
			dstPath = "";
			dstSubfolderSpec = 13;
			files = (
				469BA3871BAF9B6900964651 /* txt widget.appex in Embed App Extensions */,
			);
			name = "Embed App Extensions";
			runOnlyForDeploymentPostprocessing = 0;
		};
/* End PBXCopyFilesBuildPhase section */

/* Begin PBXFileReference section */
		469BA35B1BAF941900964651 /* txt.app */ = {isa = PBXFileReference; explicitFileType = wrapper.application; includeInIndex = 0; path = txt.app; sourceTree = BUILT_PRODUCTS_DIR; };
		469BA35E1BAF941900964651 /* AppDelegate.swift */ = {isa = PBXFileReference; lastKnownFileType = sourcecode.swift; path = AppDelegate.swift; sourceTree = "<group>"; };
		469BA3601BAF941900964651 /* ViewController.swift */ = {isa = PBXFileReference; lastKnownFileType = sourcecode.swift; path = ViewController.swift; sourceTree = "<group>"; };
		469BA3621BAF941900964651 /* Assets.xcassets */ = {isa = PBXFileReference; lastKnownFileType = folder.assetcatalog; path = Assets.xcassets; sourceTree = "<group>"; };
		469BA3651BAF941900964651 /* Base */ = {isa = PBXFileReference; lastKnownFileType = file.storyboard; name = Base; path = Base.lproj/Main.storyboard; sourceTree = "<group>"; };
		469BA3671BAF941900964651 /* Info.plist */ = {isa = PBXFileReference; lastKnownFileType = text.plist.xml; path = Info.plist; sourceTree = "<group>"; };
		469BA36F1BAF96C900964651 /* Message.swift */ = {isa = PBXFileReference; fileEncoding = 4; lastKnownFileType = sourcecode.swift; path = Message.swift; sourceTree = "<group>"; };
		469BA3751BAF9B6900964651 /* txt widget.appex */ = {isa = PBXFileReference; explicitFileType = "wrapper.app-extension"; includeInIndex = 0; path = "txt widget.appex"; sourceTree = BUILT_PRODUCTS_DIR; };
		469BA3771BAF9B6900964651 /* NotificationCenter.framework */ = {isa = PBXFileReference; lastKnownFileType = wrapper.framework; name = NotificationCenter.framework; path = System/Library/Frameworks/NotificationCenter.framework; sourceTree = SDKROOT; };
		469BA37B1BAF9B6900964651 /* txt_widget.entitlements */ = {isa = PBXFileReference; lastKnownFileType = text.xml; path = txt_widget.entitlements; sourceTree = "<group>"; };
		469BA37C1BAF9B6900964651 /* TodayViewController.swift */ = {isa = PBXFileReference; lastKnownFileType = sourcecode.swift; path = TodayViewController.swift; sourceTree = "<group>"; };
		469BA37F1BAF9B6900964651 /* Base */ = {isa = PBXFileReference; lastKnownFileType = file.xib; name = Base; path = Base.lproj/TodayViewController.xib; sourceTree = "<group>"; };
		469BA3811BAF9B6900964651 /* Info.plist */ = {isa = PBXFileReference; lastKnownFileType = text.plist.xml; path = Info.plist; sourceTree = "<group>"; };
		469BA3831BAF9B6900964651 /* en */ = {isa = PBXFileReference; lastKnownFileType = text.plist.strings; name = en; path = en.lproj/InfoPlist.strings; sourceTree = "<group>"; };
		469BA38C1BAFA5FD00964651 /* RoundedImageView.swift */ = {isa = PBXFileReference; fileEncoding = 4; lastKnownFileType = sourcecode.swift; path = RoundedImageView.swift; sourceTree = "<group>"; };
		469BA38E1BAFA98A00964651 /* AddressBook.swift */ = {isa = PBXFileReference; fileEncoding = 4; lastKnownFileType = sourcecode.swift; path = AddressBook.swift; sourceTree = "<group>"; };
		46EE372B1C8E1D7C009A29CD /* RxCocoa.framework */ = {isa = PBXFileReference; lastKnownFileType = wrapper.framework; name = RxCocoa.framework; path = Carthage/Build/Mac/RxCocoa.framework; sourceTree = "<group>"; };
		46EE372C1C8E1D7C009A29CD /* RxSwift.framework */ = {isa = PBXFileReference; lastKnownFileType = wrapper.framework; name = RxSwift.framework; path = Carthage/Build/Mac/RxSwift.framework; sourceTree = "<group>"; };
/* End PBXFileReference section */

/* Begin PBXFrameworksBuildPhase section */
		469BA3581BAF941900964651 /* Frameworks */ = {
			isa = PBXFrameworksBuildPhase;
			buildActionMask = 2147483647;
			files = (
				46EE372D1C8E1D7C009A29CD /* RxCocoa.framework in Frameworks */,
				46EE372E1C8E1D7C009A29CD /* RxSwift.framework in Frameworks */,
			);
			runOnlyForDeploymentPostprocessing = 0;
		};
		469BA3721BAF9B6900964651 /* Frameworks */ = {
			isa = PBXFrameworksBuildPhase;
			buildActionMask = 2147483647;
			files = (
				469BA3781BAF9B6900964651 /* NotificationCenter.framework in Frameworks */,
			);
			runOnlyForDeploymentPostprocessing = 0;
		};
/* End PBXFrameworksBuildPhase section */

/* Begin PBXGroup section */
		469BA3521BAF941900964651 = {
			isa = PBXGroup;
			children = (
				469BA35D1BAF941900964651 /* txt */,
				469BA3791BAF9B6900964651 /* txt widget */,
				469BA3761BAF9B6900964651 /* Frameworks */,
				469BA35C1BAF941900964651 /* Products */,
			);
			sourceTree = "<group>";
		};
		469BA35C1BAF941900964651 /* Products */ = {
			isa = PBXGroup;
			children = (
				469BA35B1BAF941900964651 /* txt.app */,
				469BA3751BAF9B6900964651 /* txt widget.appex */,
			);
			name = Products;
			sourceTree = "<group>";
		};
		469BA35D1BAF941900964651 /* txt */ = {
			isa = PBXGroup;
			children = (
				469BA35E1BAF941900964651 /* AppDelegate.swift */,
				469BA3601BAF941900964651 /* ViewController.swift */,
				469BA38C1BAFA5FD00964651 /* RoundedImageView.swift */,
				469BA36F1BAF96C900964651 /* Message.swift */,
				469BA38E1BAFA98A00964651 /* AddressBook.swift */,
				469BA3621BAF941900964651 /* Assets.xcassets */,
				469BA3641BAF941900964651 /* Main.storyboard */,
				469BA3671BAF941900964651 /* Info.plist */,
			);
			path = txt;
			sourceTree = "<group>";
		};
		469BA3761BAF9B6900964651 /* Frameworks */ = {
			isa = PBXGroup;
			children = (
				46EE372B1C8E1D7C009A29CD /* RxCocoa.framework */,
				46EE372C1C8E1D7C009A29CD /* RxSwift.framework */,
				469BA3771BAF9B6900964651 /* NotificationCenter.framework */,
			);
			name = Frameworks;
			sourceTree = "<group>";
		};
		469BA3791BAF9B6900964651 /* txt widget */ = {
			isa = PBXGroup;
			children = (
				469BA37C1BAF9B6900964651 /* TodayViewController.swift */,
				469BA37E1BAF9B6900964651 /* TodayViewController.xib */,
				469BA3811BAF9B6900964651 /* Info.plist */,
				469BA3821BAF9B6900964651 /* InfoPlist.strings */,
				469BA37A1BAF9B6900964651 /* Supporting Files */,
			);
			path = "txt widget";
			sourceTree = "<group>";
		};
		469BA37A1BAF9B6900964651 /* Supporting Files */ = {
			isa = PBXGroup;
			children = (
				469BA37B1BAF9B6900964651 /* txt_widget.entitlements */,
			);
			name = "Supporting Files";
			sourceTree = "<group>";
		};
/* End PBXGroup section */

/* Begin PBXNativeTarget section */
		469BA35A1BAF941900964651 /* txt */ = {
			isa = PBXNativeTarget;
			buildConfigurationList = 469BA36A1BAF941900964651 /* Build configuration list for PBXNativeTarget "txt" */;
			buildPhases = (
				469BA3571BAF941900964651 /* Sources */,
				469BA3581BAF941900964651 /* Frameworks */,
				469BA3591BAF941900964651 /* Resources */,
				469BA38B1BAF9B6900964651 /* Embed App Extensions */,
			);
			buildRules = (
			);
			dependencies = (
				469BA3861BAF9B6900964651 /* PBXTargetDependency */,
			);
			name = txt;
			productName = txt;
			productReference = 469BA35B1BAF941900964651 /* txt.app */;
			productType = "com.apple.product-type.application";
		};
		469BA3741BAF9B6900964651 /* txt widget */ = {
			isa = PBXNativeTarget;
			buildConfigurationList = 469BA3881BAF9B6900964651 /* Build configuration list for PBXNativeTarget "txt widget" */;
			buildPhases = (
				469BA3711BAF9B6900964651 /* Sources */,
				469BA3721BAF9B6900964651 /* Frameworks */,
				469BA3731BAF9B6900964651 /* Resources */,
			);
			buildRules = (
			);
			dependencies = (
			);
			name = "txt widget";
			productName = "txt widget";
			productReference = 469BA3751BAF9B6900964651 /* txt widget.appex */;
			productType = "com.apple.product-type.app-extension";
		};
/* End PBXNativeTarget section */

/* Begin PBXProject section */
		469BA3531BAF941900964651 /* Project object */ = {
			isa = PBXProject;
			attributes = {
				LastUpgradeCheck = 0710;
				ORGANIZATIONNAME = "Andrew Breckenridge";
				TargetAttributes = {
					469BA35A1BAF941900964651 = {
						CreatedOnToolsVersion = 7.1;
					};
					469BA3741BAF9B6900964651 = {
						CreatedOnToolsVersion = 7.1;
					};
				};
			};
			buildConfigurationList = 469BA3561BAF941900964651 /* Build configuration list for PBXProject "txt" */;
			compatibilityVersion = "Xcode 3.2";
			developmentRegion = English;
			hasScannedForEncodings = 0;
			knownRegions = (
				en,
				Base,
			);
			mainGroup = 469BA3521BAF941900964651;
			productRefGroup = 469BA35C1BAF941900964651 /* Products */;
			projectDirPath = "";
			projectRoot = "";
			targets = (
				469BA35A1BAF941900964651 /* txt */,
				469BA3741BAF9B6900964651 /* txt widget */,
			);
		};
/* End PBXProject section */

/* Begin PBXResourcesBuildPhase section */
		469BA3591BAF941900964651 /* Resources */ = {
			isa = PBXResourcesBuildPhase;
			buildActionMask = 2147483647;
			files = (
				469BA3631BAF941900964651 /* Assets.xcassets in Resources */,
				469BA3661BAF941900964651 /* Main.storyboard in Resources */,
			);
			runOnlyForDeploymentPostprocessing = 0;
		};
		469BA3731BAF9B6900964651 /* Resources */ = {
			isa = PBXResourcesBuildPhase;
			buildActionMask = 2147483647;
			files = (
				469BA3801BAF9B6900964651 /* TodayViewController.xib in Resources */,
				469BA3841BAF9B6900964651 /* InfoPlist.strings in Resources */,
			);
			runOnlyForDeploymentPostprocessing = 0;
		};
/* End PBXResourcesBuildPhase section */

/* Begin PBXSourcesBuildPhase section */
		469BA3571BAF941900964651 /* Sources */ = {
			isa = PBXSourcesBuildPhase;
			buildActionMask = 2147483647;
			files = (
				469BA38D1BAFA5FD00964651 /* RoundedImageView.swift in Sources */,
				469BA3611BAF941900964651 /* ViewController.swift in Sources */,
				469BA35F1BAF941900964651 /* AppDelegate.swift in Sources */,
				469BA38F1BAFA98A00964651 /* AddressBook.swift in Sources */,
				469BA3701BAF96C900964651 /* Message.swift in Sources */,
			);
			runOnlyForDeploymentPostprocessing = 0;
		};
		469BA3711BAF9B6900964651 /* Sources */ = {
			isa = PBXSourcesBuildPhase;
			buildActionMask = 2147483647;
			files = (
				469BA37D1BAF9B6900964651 /* TodayViewController.swift in Sources */,
			);
			runOnlyForDeploymentPostprocessing = 0;
		};
/* End PBXSourcesBuildPhase section */

/* Begin PBXTargetDependency section */
		469BA3861BAF9B6900964651 /* PBXTargetDependency */ = {
			isa = PBXTargetDependency;
			target = 469BA3741BAF9B6900964651 /* txt widget */;
			targetProxy = 469BA3851BAF9B6900964651 /* PBXContainerItemProxy */;
		};
/* End PBXTargetDependency section */

/* Begin PBXVariantGroup section */
		469BA3641BAF941900964651 /* Main.storyboard */ = {
			isa = PBXVariantGroup;
			children = (
				469BA3651BAF941900964651 /* Base */,
			);
			name = Main.storyboard;
			sourceTree = "<group>";
		};
		469BA37E1BAF9B6900964651 /* TodayViewController.xib */ = {
			isa = PBXVariantGroup;
			children = (
				469BA37F1BAF9B6900964651 /* Base */,
			);
			name = TodayViewController.xib;
			sourceTree = "<group>";
		};
		469BA3821BAF9B6900964651 /* InfoPlist.strings */ = {
			isa = PBXVariantGroup;
			children = (
				469BA3831BAF9B6900964651 /* en */,
			);
			name = InfoPlist.strings;
			sourceTree = "<group>";
		};
/* End PBXVariantGroup section */

/* Begin XCBuildConfiguration section */
		469BA3681BAF941900964651 /* Debug */ = {
			isa = XCBuildConfiguration;
			buildSettings = {
				ALWAYS_SEARCH_USER_PATHS = NO;
				CLANG_CXX_LANGUAGE_STANDARD = "gnu++0x";
				CLANG_CXX_LIBRARY = "libc++";
				CLANG_ENABLE_MODULES = YES;
				CLANG_ENABLE_OBJC_ARC = YES;
				CLANG_WARN_BOOL_CONVERSION = YES;
				CLANG_WARN_CONSTANT_CONVERSION = YES;
				CLANG_WARN_DIRECT_OBJC_ISA_USAGE = YES_ERROR;
				CLANG_WARN_EMPTY_BODY = YES;
				CLANG_WARN_ENUM_CONVERSION = YES;
				CLANG_WARN_INT_CONVERSION = YES;
				CLANG_WARN_OBJC_ROOT_CLASS = YES_ERROR;
				CLANG_WARN_UNREACHABLE_CODE = YES;
				CLANG_WARN__DUPLICATE_METHOD_MATCH = YES;
				CODE_SIGN_IDENTITY = "-";
				COPY_PHASE_STRIP = NO;
				DEBUG_INFORMATION_FORMAT = dwarf;
				ENABLE_STRICT_OBJC_MSGSEND = YES;
				ENABLE_TESTABILITY = YES;
				GCC_C_LANGUAGE_STANDARD = gnu99;
				GCC_DYNAMIC_NO_PIC = NO;
				GCC_NO_COMMON_BLOCKS = YES;
				GCC_OPTIMIZATION_LEVEL = 0;
				GCC_PREPROCESSOR_DEFINITIONS = (
					"DEBUG=1",
					"$(inherited)",
				);
				GCC_WARN_64_TO_32_BIT_CONVERSION = YES;
				GCC_WARN_ABOUT_RETURN_TYPE = YES_ERROR;
				GCC_WARN_UNDECLARED_SELECTOR = YES;
				GCC_WARN_UNINITIALIZED_AUTOS = YES_AGGRESSIVE;
				GCC_WARN_UNUSED_FUNCTION = YES;
				GCC_WARN_UNUSED_VARIABLE = YES;
				MACOSX_DEPLOYMENT_TARGET = 10.11;
				MTL_ENABLE_DEBUG_INFO = YES;
				ONLY_ACTIVE_ARCH = YES;
				SDKROOT = macosx;
				SWIFT_OPTIMIZATION_LEVEL = "-Onone";
			};
			name = Debug;
		};
		469BA3691BAF941900964651 /* Release */ = {
			isa = XCBuildConfiguration;
			buildSettings = {
				ALWAYS_SEARCH_USER_PATHS = NO;
				CLANG_CXX_LANGUAGE_STANDARD = "gnu++0x";
				CLANG_CXX_LIBRARY = "libc++";
				CLANG_ENABLE_MODULES = YES;
				CLANG_ENABLE_OBJC_ARC = YES;
				CLANG_WARN_BOOL_CONVERSION = YES;
				CLANG_WARN_CONSTANT_CONVERSION = YES;
				CLANG_WARN_DIRECT_OBJC_ISA_USAGE = YES_ERROR;
				CLANG_WARN_EMPTY_BODY = YES;
				CLANG_WARN_ENUM_CONVERSION = YES;
				CLANG_WARN_INT_CONVERSION = YES;
				CLANG_WARN_OBJC_ROOT_CLASS = YES_ERROR;
				CLANG_WARN_UNREACHABLE_CODE = YES;
				CLANG_WARN__DUPLICATE_METHOD_MATCH = YES;
				CODE_SIGN_IDENTITY = "-";
				COPY_PHASE_STRIP = NO;
				DEBUG_INFORMATION_FORMAT = "dwarf-with-dsym";
				ENABLE_NS_ASSERTIONS = NO;
				ENABLE_STRICT_OBJC_MSGSEND = YES;
				GCC_C_LANGUAGE_STANDARD = gnu99;
				GCC_NO_COMMON_BLOCKS = YES;
				GCC_WARN_64_TO_32_BIT_CONVERSION = YES;
				GCC_WARN_ABOUT_RETURN_TYPE = YES_ERROR;
				GCC_WARN_UNDECLARED_SELECTOR = YES;
				GCC_WARN_UNINITIALIZED_AUTOS = YES_AGGRESSIVE;
				GCC_WARN_UNUSED_FUNCTION = YES;
				GCC_WARN_UNUSED_VARIABLE = YES;
				MACOSX_DEPLOYMENT_TARGET = 10.11;
				MTL_ENABLE_DEBUG_INFO = NO;
				SDKROOT = macosx;
			};
			name = Release;
		};
		469BA36B1BAF941900964651 /* Debug */ = {
			isa = XCBuildConfiguration;
			buildSettings = {
				ASSETCATALOG_COMPILER_APPICON_NAME = AppIcon;
				COMBINE_HIDPI_IMAGES = YES;
				EMBEDDED_CONTENT_CONTAINS_SWIFT = YES;
				FRAMEWORK_SEARCH_PATHS = (
					"$(inherited)",
					"$(PROJECT_DIR)/Carthage/Build/Mac",
				);
				INFOPLIST_FILE = txt/Info.plist;
				LD_RUNPATH_SEARCH_PATHS = "$(inherited) @executable_path/../Frameworks";
				PRODUCT_BUNDLE_IDENTIFIER = tfw.txt;
				PRODUCT_NAME = "$(TARGET_NAME)";
			};
			name = Debug;
		};
		469BA36C1BAF941900964651 /* Release */ = {
			isa = XCBuildConfiguration;
			buildSettings = {
				ASSETCATALOG_COMPILER_APPICON_NAME = AppIcon;
				COMBINE_HIDPI_IMAGES = YES;
				EMBEDDED_CONTENT_CONTAINS_SWIFT = YES;
				FRAMEWORK_SEARCH_PATHS = (
					"$(inherited)",
					"$(PROJECT_DIR)/Carthage/Build/Mac",
				);
				INFOPLIST_FILE = txt/Info.plist;
				LD_RUNPATH_SEARCH_PATHS = "$(inherited) @executable_path/../Frameworks";
				PRODUCT_BUNDLE_IDENTIFIER = tfw.txt;
				PRODUCT_NAME = "$(TARGET_NAME)";
			};
			name = Release;
		};
		469BA3891BAF9B6900964651 /* Debug */ = {
			isa = XCBuildConfiguration;
			buildSettings = {
				CODE_SIGN_ENTITLEMENTS = "txt widget/txt_widget.entitlements";
				COMBINE_HIDPI_IMAGES = YES;
				INFOPLIST_FILE = "txt widget/Info.plist";
				LD_RUNPATH_SEARCH_PATHS = "$(inherited) @executable_path/../Frameworks @executable_path/../../../../Frameworks";
				PRODUCT_BUNDLE_IDENTIFIER = "tfw.txt.txt-widget";
				PRODUCT_NAME = "$(TARGET_NAME)";
				SKIP_INSTALL = YES;
			};
			name = Debug;
		};
		469BA38A1BAF9B6900964651 /* Release */ = {
			isa = XCBuildConfiguration;
			buildSettings = {
				CODE_SIGN_ENTITLEMENTS = "txt widget/txt_widget.entitlements";
				COMBINE_HIDPI_IMAGES = YES;
				INFOPLIST_FILE = "txt widget/Info.plist";
				LD_RUNPATH_SEARCH_PATHS = "$(inherited) @executable_path/../Frameworks @executable_path/../../../../Frameworks";
				PRODUCT_BUNDLE_IDENTIFIER = "tfw.txt.txt-widget";
				PRODUCT_NAME = "$(TARGET_NAME)";
				SKIP_INSTALL = YES;
			};
			name = Release;
		};
/* End XCBuildConfiguration section */

/* Begin XCConfigurationList section */
		469BA3561BAF941900964651 /* Build configuration list for PBXProject "txt" */ = {
			isa = XCConfigurationList;
			buildConfigurations = (
				469BA3681BAF941900964651 /* Debug */,
				469BA3691BAF941900964651 /* Release */,
			);
			defaultConfigurationIsVisible = 0;
			defaultConfigurationName = Release;
		};
		469BA36A1BAF941900964651 /* Build configuration list for PBXNativeTarget "txt" */ = {
			isa = XCConfigurationList;
			buildConfigurations = (
				469BA36B1BAF941900964651 /* Debug */,
				469BA36C1BAF941900964651 /* Release */,
			);
			defaultConfigurationIsVisible = 0;
			defaultConfigurationName = Release;
		};
		469BA3881BAF9B6900964651 /* Build configuration list for PBXNativeTarget "txt widget" */ = {
			isa = XCConfigurationList;
			buildConfigurations = (
				469BA3891BAF9B6900964651 /* Debug */,
				469BA38A1BAF9B6900964651 /* Release */,
			);
			defaultConfigurationIsVisible = 0;
			defaultConfigurationName = Release;
		};
/* End XCConfigurationList section */
	};
	rootObject = 469BA3531BAF941900964651 /* Project object */;
}
